{"filter":false,"title":"Gemfile.lock","tooltip":"/sample_app/Gemfile.lock","undoManager":{"mark":0,"position":0,"stack":[[{"group":"doc","deltas":[{"start":{"row":42,"column":0},"end":{"row":44,"column":0},"action":"insert","lines":["    bootstrap-sass (3.2.0.0)","      sass (~> 3.2)",""]},{"start":{"row":207,"column":0},"end":{"row":208,"column":0},"action":"insert","lines":["  bootstrap-sass (= 3.2.0.0)",""]}]}]]},"ace":{"folds":[],"scrolltop":0,"scrollleft":0,"selection":{"start":{"row":0,"column":0},"end":{"row":0,"column":0},"isBackwards":false},"options":{"guessTabSize":true,"useWrapMode":false,"wrapToView":true},"firstLineState":{"row":2,"state":"start","mode":"ace/mode/text"}},"timestamp":1423788885017,"hash":"e7263b3861d77dfc65a29356f198741e1fe3069e"}